Microsoft Visual Studio Solution File, Format Version 11.00
# Visual Studio 2010
Project("{FAE04EC0-301F-11D3-BF4B-00C04F79EFBC}") = "Assembly-CSharp", "Assembly-CSharp.csproj", "{EEFB9B44-9963-68EF-B940-A004C27A880F}"
EndProject
Project("{FAE04EC0-301F-11D3-BF4B-00C04F79EFBC}") = "Assembly-CSharp-Editor", "Assembly-CSharp-Editor.csproj", "{9BA722B8-5A31-03BE-430F-7B5AF25424F6}"
EndProject
Global
	GlobalSection(SolutionConfigurationPlatforms) = preSolution
		Debug|Any CPU = Debug|Any CPU
		Release|Any CPU = Release|Any CPU
	EndGlobalSection
	GlobalSection(ProjectConfigurationPlatforms) = postSolution
		{EEFB9B44-9963-68EF-B940-A004C27A880F}.Debug|Any CPU.ActiveCfg = Debug|Any CPU
		{EEFB9B44-9963-68EF-B940-A004C27A880F}.Debug|Any CPU.Build.0 = Debug|Any CPU
		{EEFB9B44-9963-68EF-B940-A004C27A880F}.Release|Any CPU.ActiveCfg = Release|Any CPU
		{EEFB9B44-9963-68EF-B940-A004C27A880F}.Release|Any CPU.Build.0 = Release|Any CPU
		{9BA722B8-5A31-03BE-430F-7B5AF25424F6}.Debug|Any CPU.ActiveCfg = Debug|Any CPU
		{9BA722B8-5A31-03BE-430F-7B5AF25424F6}.Debug|Any CPU.Build.0 = Debug|Any CPU
		{9BA722B8-5A31-03BE-430F-7B5AF25424F6}.Release|Any CPU.ActiveCfg = Release|Any CPU
		{9BA722B8-5A31-03BE-430F-7B5AF25424F6}.Release|Any CPU.Build.0 = Release|Any CPU
	EndGlobalSection
	GlobalSection(SolutionProperties) = preSolution
		HideSolutionNode = FALSE
	EndGlobalSection
	GlobalSection(MonoDevelopProperties) = preSolution
		StartupItem = Assembly-CSharp.csproj
	EndGlobalSection
EndGlobal
